
Microsoft Visual Studio Solution File, Format Version 12.00
# Visual Studio Version 17
VisualStudioVersion = 17.7.34221.43
MinimumVisualStudioVersion = 10.0.40219.1
Project("{FAE04EC0-301F-11D3-BF4B-00C04F79EFBC}") = "PiperUI", "PiperUI\PiperUI.csproj", "{75A786A0-156E-4CF9-8A4C-2375161CF630}"
EndProject
Global
	GlobalSection(SolutionConfigurationPlatforms) = preSolution
		Debug|Any CPU = Debug|Any CPU
		Release|Any CPU = Release|Any CPU
	EndGlobalSection
	GlobalSection(ProjectConfigurationPlatforms) = postSolution
		{75A786A0-156E-4CF9-8A4C-2375161CF630}.Debug|Any CPU.ActiveCfg = Debug|Any CPU
		{75A786A0-156E-4CF9-8A4C-2375161CF630}.Debug|Any CPU.Build.0 = Debug|Any CPU
		{75A786A0-156E-4CF9-8A4C-2375161CF630}.Release|Any CPU.ActiveCfg = Release|Any CPU
		{75A786A0-156E-4CF9-8A4C-2375161CF630}.Release|Any CPU.Build.0 = Release|Any CPU
	EndGlobalSection
	GlobalSection(SolutionProperties) = preSolution
		HideSolutionNode = FALSE
	EndGlobalSection
	GlobalSection(ExtensibilityGlobals) = postSolution
		SolutionGuid = {F4CB03C2-A521-4727-A607-0D3A27BAB6A5}
	EndGlobalSection
EndGlobal
